// !$*UTF8*$!
{
	archiveVersion = 1;
	classes = {
	};
	objectVersion = 56;
	objects = {

/* Begin PBXBuildFile section */
		3E370D5C2A2FF7AC008762D9 /* LocalAuthenticationHandler.swift in Sources */ = {isa = PBXBuildFile; fileRef = 3E370D5B2A2FF7AC008762D9 /* LocalAuthenticationHandler.swift */; };
		3E370D5E2A300AD4008762D9 /* LargeButton.swift in Sources */ = {isa = PBXBuildFile; fileRef = 3E370D5D2A300AD4008762D9 /* LargeButton.swift */; };
		3E3A05362A2FF0B200B420DC /* LockedAppView.swift in Sources */ = {isa = PBXBuildFile; fileRef = 3E3A05352A2FF0B200B420DC /* LockedAppView.swift */; };
		3E98D1B12A2D932D00B15827 /* AccountStore.swift in Sources */ = {isa = PBXBuildFile; fileRef = 3E98D1B02A2D932D00B15827 /* AccountStore.swift */; };
		3E98D1B42A2DA07600B15827 /* Preview Assets.xcassets in Resources */ = {isa = PBXBuildFile; fileRef = 3E98D1B32A2DA07600B15827 /* Preview Assets.xcassets */; };
		3EACC2822A2C5B8A00A358C4 /* AccountDetailsView.swift in Sources */ = {isa = PBXBuildFile; fileRef = 3EACC2812A2C5B8A00A358C4 /* AccountDetailsView.swift */; };
		3EACC2862A2C73B700A358C4 /* AddAccountForm.swift in Sources */ = {isa = PBXBuildFile; fileRef = 3EACC2852A2C73B700A358C4 /* AddAccountForm.swift */; };
		3ECFE9D52A2C4E52001E9AEC /* NegiApp.swift in Sources */ = {isa = PBXBuildFile; fileRef = 3ECFE9D42A2C4E52001E9AEC /* NegiApp.swift */; };
		3ECFE9D72A2C4E52001E9AEC /* AccountsView.swift in Sources */ = {isa = PBXBuildFile; fileRef = 3ECFE9D62A2C4E52001E9AEC /* AccountsView.swift */; };
		3ECFE9D92A2C4E53001E9AEC /* Assets.xcassets in Resources */ = {isa = PBXBuildFile; fileRef = 3ECFE9D82A2C4E53001E9AEC /* Assets.xcassets */; };
		3ECFE9E42A2C4EAC001E9AEC /* AccountListEntry.swift in Sources */ = {isa = PBXBuildFile; fileRef = 3ECFE9E32A2C4EAC001E9AEC /* AccountListEntry.swift */; };
		3ECFE9E72A2C5305001E9AEC /* Account.swift in Sources */ = {isa = PBXBuildFile; fileRef = 3ECFE9E62A2C5305001E9AEC /* Account.swift */; };
		3EFF43E72A2D3ED700510425 /* SwiftOTP in Frameworks */ = {isa = PBXBuildFile; productRef = 3EFF43E62A2D3ED700510425 /* SwiftOTP */; };
		3EFF43E92A2D4FDD00510425 /* AddAccountSheet.swift in Sources */ = {isa = PBXBuildFile; fileRef = 3EFF43E82A2D4FDD00510425 /* AddAccountSheet.swift */; };
/* End PBXBuildFile section */

/* Begin PBXFileReference section */
		3E370D5B2A2FF7AC008762D9 /* LocalAuthenticationHandler.swift */ = {isa = PBXFileReference; lastKnownFileType = sourcecode.swift; path = LocalAuthenticationHandler.swift; sourceTree = "<group>"; };
		3E370D5D2A300AD4008762D9 /* LargeButton.swift */ = {isa = PBXFileReference; lastKnownFileType = sourcecode.swift; path = LargeButton.swift; sourceTree = "<group>"; };
		3E3A05352A2FF0B200B420DC /* LockedAppView.swift */ = {isa = PBXFileReference; lastKnownFileType = sourcecode.swift; path = LockedAppView.swift; sourceTree = "<group>"; };
		3E98D1B02A2D932D00B15827 /* AccountStore.swift */ = {isa = PBXFileReference; lastKnownFileType = sourcecode.swift; path = AccountStore.swift; sourceTree = "<group>"; };
		3E98D1B32A2DA07600B15827 /* Preview Assets.xcassets */ = {isa = PBXFileReference; lastKnownFileType = folder.assetcatalog; path = "Preview Assets.xcassets"; sourceTree = "<group>"; };
		3EACC2812A2C5B8A00A358C4 /* AccountDetailsView.swift */ = {isa = PBXFileReference; lastKnownFileType = sourcecode.swift; path = AccountDetailsView.swift; sourceTree = "<group>"; };
		3EACC2852A2C73B700A358C4 /* AddAccountForm.swift */ = {isa = PBXFileReference; lastKnownFileType = sourcecode.swift; path = AddAccountForm.swift; sourceTree = "<group>"; };
		3ECFE9D12A2C4E52001E9AEC /* Negi.app */ = {isa = PBXFileReference; explicitFileType = wrapper.application; includeInIndex = 0; path = Negi.app; sourceTree = BUILT_PRODUCTS_DIR; };
		3ECFE9D42A2C4E52001E9AEC /* NegiApp.swift */ = {isa = PBXFileReference; lastKnownFileType = sourcecode.swift; path = NegiApp.swift; sourceTree = "<group>"; };
		3ECFE9D62A2C4E52001E9AEC /* AccountsView.swift */ = {isa = PBXFileReference; lastKnownFileType = sourcecode.swift; path = AccountsView.swift; sourceTree = "<group>"; };
		3ECFE9D82A2C4E53001E9AEC /* Assets.xcassets */ = {isa = PBXFileReference; lastKnownFileType = folder.assetcatalog; path = Assets.xcassets; sourceTree = "<group>"; };
		3ECFE9E32A2C4EAC001E9AEC /* AccountListEntry.swift */ = {isa = PBXFileReference; lastKnownFileType = sourcecode.swift; path = AccountListEntry.swift; sourceTree = "<group>"; };
		3ECFE9E62A2C5305001E9AEC /* Account.swift */ = {isa = PBXFileReference; lastKnownFileType = sourcecode.swift; path = Account.swift; sourceTree = "<group>"; };
		3EFF43E82A2D4FDD00510425 /* AddAccountSheet.swift */ = {isa = PBXFileReference; lastKnownFileType = sourcecode.swift; path = AddAccountSheet.swift; sourceTree = "<group>"; };
/* End PBXFileReference section */

/* Begin PBXFrameworksBuildPhase section */
		3ECFE9CE2A2C4E52001E9AEC /* Frameworks */ = {
			isa = PBXFrameworksBuildPhase;
			buildActionMask = 2147483647;
			files = (
				3EFF43E72A2D3ED700510425 /* SwiftOTP in Frameworks */,
			);
			runOnlyForDeploymentPostprocessing = 0;
		};
/* End PBXFrameworksBuildPhase section */

/* Begin PBXGroup section */
		3E98D1B22A2DA03D00B15827 /* Preview Content */ = {
			isa = PBXGroup;
			children = (
				3E98D1B32A2DA07600B15827 /* Preview Assets.xcassets */,
			);
			path = "Preview Content";
			sourceTree = "<group>";
		};
		3ECFE9C82A2C4E52001E9AEC = {
			isa = PBXGroup;
			children = (
				3ECFE9D32A2C4E52001E9AEC /* Negi */,
				3ECFE9D22A2C4E52001E9AEC /* Products */,
			);
			sourceTree = "<group>";
		};
		3ECFE9D22A2C4E52001E9AEC /* Products */ = {
			isa = PBXGroup;
			children = (
				3ECFE9D12A2C4E52001E9AEC /* Negi.app */,
			);
			name = Products;
			sourceTree = "<group>";
		};
		3ECFE9D32A2C4E52001E9AEC /* Negi */ = {
			isa = PBXGroup;
			children = (
				3ECFE9E52A2C52F5001E9AEC /* Models */,
				3ECFE9E22A2C4E94001E9AEC /* Views */,
				3ECFE9D42A2C4E52001E9AEC /* NegiApp.swift */,
				3ECFE9D82A2C4E53001E9AEC /* Assets.xcassets */,
				3E98D1B22A2DA03D00B15827 /* Preview Content */,
			);
			path = Negi;
			sourceTree = "<group>";
		};
		3ECFE9E22A2C4E94001E9AEC /* Views */ = {
			isa = PBXGroup;
			children = (
				3ECFE9D62A2C4E52001E9AEC /* AccountsView.swift */,
				3ECFE9E32A2C4EAC001E9AEC /* AccountListEntry.swift */,
				3EACC2812A2C5B8A00A358C4 /* AccountDetailsView.swift */,
				3EACC2852A2C73B700A358C4 /* AddAccountForm.swift */,
				3EFF43E82A2D4FDD00510425 /* AddAccountSheet.swift */,
				3E3A05352A2FF0B200B420DC /* LockedAppView.swift */,
				3E370D5D2A300AD4008762D9 /* LargeButton.swift */,
			);
			path = Views;
			sourceTree = "<group>";
		};
		3ECFE9E52A2C52F5001E9AEC /* Models */ = {
			isa = PBXGroup;
			children = (
				3ECFE9E62A2C5305001E9AEC /* Account.swift */,
				3E98D1B02A2D932D00B15827 /* AccountStore.swift */,
				3E370D5B2A2FF7AC008762D9 /* LocalAuthenticationHandler.swift */,
			);
			path = Models;
			sourceTree = "<group>";
		};
/* End PBXGroup section */

/* Begin PBXNativeTarget section */
		3ECFE9D02A2C4E52001E9AEC /* Negi */ = {
			isa = PBXNativeTarget;
			buildConfigurationList = 3ECFE9DF2A2C4E53001E9AEC /* Build configuration list for PBXNativeTarget "Negi" */;
			buildPhases = (
				3ECFE9CD2A2C4E52001E9AEC /* Sources */,
				3ECFE9CE2A2C4E52001E9AEC /* Frameworks */,
				3ECFE9CF2A2C4E52001E9AEC /* Resources */,
			);
			buildRules = (
			);
			dependencies = (
			);
			name = Negi;
			packageProductDependencies = (
				3EFF43E62A2D3ED700510425 /* SwiftOTP */,
			);
			productName = Negi;
			productReference = 3ECFE9D12A2C4E52001E9AEC /* Negi.app */;
			productType = "com.apple.product-type.application";
		};
/* End PBXNativeTarget section */

/* Begin PBXProject section */
		3ECFE9C92A2C4E52001E9AEC /* Project object */ = {
			isa = PBXProject;
			attributes = {
				BuildIndependentTargetsInParallel = 1;
				LastSwiftUpdateCheck = 1430;
				LastUpgradeCheck = 1430;
				TargetAttributes = {
					3ECFE9D02A2C4E52001E9AEC = {
						CreatedOnToolsVersion = 14.3;
					};
				};
			};
			buildConfigurationList = 3ECFE9CC2A2C4E52001E9AEC /* Build configuration list for PBXProject "Negi" */;
			compatibilityVersion = "Xcode 14.0";
			developmentRegion = en;
			hasScannedForEncodings = 0;
			knownRegions = (
				en,
				Base,
			);
			mainGroup = 3ECFE9C82A2C4E52001E9AEC;
			packageReferences = (
				3EFF43E52A2D3ED700510425 /* XCRemoteSwiftPackageReference "SwiftOTP" */,
			);
			productRefGroup = 3ECFE9D22A2C4E52001E9AEC /* Products */;
			projectDirPath = "";
			projectRoot = "";
			targets = (
				3ECFE9D02A2C4E52001E9AEC /* Negi */,
			);
		};
/* End PBXProject section */

/* Begin PBXResourcesBuildPhase section */
		3ECFE9CF2A2C4E52001E9AEC /* Resources */ = {
			isa = PBXResourcesBuildPhase;
			buildActionMask = 2147483647;
			files = (
				3E98D1B42A2DA07600B15827 /* Preview Assets.xcassets in Resources */,
				3ECFE9D92A2C4E53001E9AEC /* Assets.xcassets in Resources */,
			);
			runOnlyForDeploymentPostprocessing = 0;
		};
/* End PBXResourcesBuildPhase section */

/* Begin PBXSourcesBuildPhase section */
		3ECFE9CD2A2C4E52001E9AEC /* Sources */ = {
			isa = PBXSourcesBuildPhase;
			buildActionMask = 2147483647;
			files = (
				3E3A05362A2FF0B200B420DC /* LockedAppView.swift in Sources */,
				3E370D5E2A300AD4008762D9 /* LargeButton.swift in Sources */,
				3ECFE9E42A2C4EAC001E9AEC /* AccountListEntry.swift in Sources */,
				3ECFE9E72A2C5305001E9AEC /* Account.swift in Sources */,
				3E370D5C2A2FF7AC008762D9 /* LocalAuthenticationHandler.swift in Sources */,
				3EACC2862A2C73B700A358C4 /* AddAccountForm.swift in Sources */,
				3EFF43E92A2D4FDD00510425 /* AddAccountSheet.swift in Sources */,
				3ECFE9D72A2C4E52001E9AEC /* AccountsView.swift in Sources */,
				3EACC2822A2C5B8A00A358C4 /* AccountDetailsView.swift in Sources */,
				3ECFE9D52A2C4E52001E9AEC /* NegiApp.swift in Sources */,
				3E98D1B12A2D932D00B15827 /* AccountStore.swift in Sources */,
			);
			runOnlyForDeploymentPostprocessing = 0;
		};
/* End PBXSourcesBuildPhase section */

/* Begin XCBuildConfiguration section */
		3ECFE9DD2A2C4E53001E9AEC /* Debug */ = {
			isa = XCBuildConfiguration;
			buildSettings = {
				ALWAYS_SEARCH_USER_PATHS = NO;
				CLANG_ANALYZER_NONNULL = YES;
				CLANG_ANALYZER_NUMBER_OBJECT_CONVERSION = YES_AGGRESSIVE;
				CLANG_CXX_LANGUAGE_STANDARD = "gnu++20";
				CLANG_ENABLE_MODULES = YES;
				CLANG_ENABLE_OBJC_ARC = YES;
				CLANG_ENABLE_OBJC_WEAK = YES;
				CLANG_WARN_BLOCK_CAPTURE_AUTORELEASING = YES;
				CLANG_WARN_BOOL_CONVERSION = YES;
				CLANG_WARN_COMMA = YES;
				CLANG_WARN_CONSTANT_CONVERSION = YES;
				CLANG_WARN_DEPRECATED_OBJC_IMPLEMENTATIONS = YES;
				CLANG_WARN_DIRECT_OBJC_ISA_USAGE = YES_ERROR;
				CLANG_WARN_DOCUMENTATION_COMMENTS = YES;
				CLANG_WARN_EMPTY_BODY = YES;
				CLANG_WARN_ENUM_CONVERSION = YES;
				CLANG_WARN_INFINITE_RECURSION = YES;
				CLANG_WARN_INT_CONVERSION = YES;
				CLANG_WARN_NON_LITERAL_NULL_CONVERSION = YES;
				CLANG_WARN_OBJC_IMPLICIT_RETAIN_SELF = YES;
				CLANG_WARN_OBJC_LITERAL_CONVERSION = YES;
				CLANG_WARN_OBJC_ROOT_CLASS = YES_ERROR;
				CLANG_WARN_QUOTED_INCLUDE_IN_FRAMEWORK_HEADER = YES;
				CLANG_WARN_RANGE_LOOP_ANALYSIS = YES;
				CLANG_WARN_STRICT_PROTOTYPES = YES;
				CLANG_WARN_SUSPICIOUS_MOVE = YES;
				CLANG_WARN_UNGUARDED_AVAILABILITY = YES_AGGRESSIVE;
				CLANG_WARN_UNREACHABLE_CODE = YES;
				CLANG_WARN__DUPLICATE_METHOD_MATCH = YES;
				COPY_PHASE_STRIP = NO;
				DEBUG_INFORMATION_FORMAT = dwarf;
				ENABLE_STRICT_OBJC_MSGSEND = YES;
				ENABLE_TESTABILITY = YES;
				GCC_C_LANGUAGE_STANDARD = gnu11;
				GCC_DYNAMIC_NO_PIC = NO;
				GCC_NO_COMMON_BLOCKS = YES;
				GCC_OPTIMIZATION_LEVEL = 0;
				GCC_PREPROCESSOR_DEFINITIONS = (
					"DEBUG=1",
					"$(inherited)",
				);
				GCC_WARN_64_TO_32_BIT_CONVERSION = YES;
				GCC_WARN_ABOUT_RETURN_TYPE = YES_ERROR;
				GCC_WARN_UNDECLARED_SELECTOR = YES;
				GCC_WARN_UNINITIALIZED_AUTOS = YES_AGGRESSIVE;
				GCC_WARN_UNUSED_FUNCTION = YES;
				GCC_WARN_UNUSED_VARIABLE = YES;
				IPHONEOS_DEPLOYMENT_TARGET = 16.4;
				MTL_ENABLE_DEBUG_INFO = INCLUDE_SOURCE;
				MTL_FAST_MATH = YES;
				ONLY_ACTIVE_ARCH = YES;
				SDKROOT = iphoneos;
				SWIFT_ACTIVE_COMPILATION_CONDITIONS = DEBUG;
				SWIFT_OPTIMIZATION_LEVEL = "-Onone";
			};
			name = Debug;
		};
		3ECFE9DE2A2C4E53001E9AEC /* Release */ = {
			isa = XCBuildConfiguration;
			buildSettings = {
				ALWAYS_SEARCH_USER_PATHS = NO;
				CLANG_ANALYZER_NONNULL = YES;
				CLANG_ANALYZER_NUMBER_OBJECT_CONVERSION = YES_AGGRESSIVE;
				CLANG_CXX_LANGUAGE_STANDARD = "gnu++20";
				CLANG_ENABLE_MODULES = YES;
				CLANG_ENABLE_OBJC_ARC = YES;
				CLANG_ENABLE_OBJC_WEAK = YES;
				CLANG_WARN_BLOCK_CAPTURE_AUTORELEASING = YES;
				CLANG_WARN_BOOL_CONVERSION = YES;
				CLANG_WARN_COMMA = YES;
				CLANG_WARN_CONSTANT_CONVERSION = YES;
				CLANG_WARN_DEPRECATED_OBJC_IMPLEMENTATIONS = YES;
				CLANG_WARN_DIRECT_OBJC_ISA_USAGE = YES_ERROR;
				CLANG_WARN_DOCUMENTATION_COMMENTS = YES;
				CLANG_WARN_EMPTY_BODY = YES;
				CLANG_WARN_ENUM_CONVERSION = YES;
				CLANG_WARN_INFINITE_RECURSION = YES;
				CLANG_WARN_INT_CONVERSION = YES;
				CLANG_WARN_NON_LITERAL_NULL_CONVERSION = YES;
				CLANG_WARN_OBJC_IMPLICIT_RETAIN_SELF = YES;
				CLANG_WARN_OBJC_LITERAL_CONVERSION = YES;
				CLANG_WARN_OBJC_ROOT_CLASS = YES_ERROR;
				CLANG_WARN_QUOTED_INCLUDE_IN_FRAMEWORK_HEADER = YES;
				CLANG_WARN_RANGE_LOOP_ANALYSIS = YES;
				CLANG_WARN_STRICT_PROTOTYPES = YES;
				CLANG_WARN_SUSPICIOUS_MOVE = YES;
				CLANG_WARN_UNGUARDED_AVAILABILITY = YES_AGGRESSIVE;
				CLANG_WARN_UNREACHABLE_CODE = YES;
				CLANG_WARN__DUPLICATE_METHOD_MATCH = YES;
				COPY_PHASE_STRIP = NO;
				DEBUG_INFORMATION_FORMAT = "dwarf-with-dsym";
				ENABLE_NS_ASSERTIONS = NO;
				ENABLE_STRICT_OBJC_MSGSEND = YES;
				GCC_C_LANGUAGE_STANDARD = gnu11;
				GCC_NO_COMMON_BLOCKS = YES;
				GCC_WARN_64_TO_32_BIT_CONVERSION = YES;
				GCC_WARN_ABOUT_RETURN_TYPE = YES_ERROR;
				GCC_WARN_UNDECLARED_SELECTOR = YES;
				GCC_WARN_UNINITIALIZED_AUTOS = YES_AGGRESSIVE;
				GCC_WARN_UNUSED_FUNCTION = YES;
				GCC_WARN_UNUSED_VARIABLE = YES;
				IPHONEOS_DEPLOYMENT_TARGET = 16.4;
				MTL_ENABLE_DEBUG_INFO = NO;
				MTL_FAST_MATH = YES;
				SDKROOT = iphoneos;
				SWIFT_COMPILATION_MODE = wholemodule;
				SWIFT_OPTIMIZATION_LEVEL = "-O";
				VALIDATE_PRODUCT = YES;
			};
			name = Release;
		};
		3ECFE9E02A2C4E53001E9AEC /* Debug */ = {
			isa = XCBuildConfiguration;
			buildSettings = {
				ASSETCATALOG_COMPILER_APPICON_NAME = AppIcon;
				ASSETCATALOG_COMPILER_GLOBAL_ACCENT_COLOR_NAME = AccentColor;
				CODE_SIGN_STYLE = Automatic;
				CURRENT_PROJECT_VERSION = 1;
				DEVELOPMENT_ASSET_PATHS = "\"Negi/Preview Content\"";
				DEVELOPMENT_TEAM = 839U72R654;
				ENABLE_PREVIEWS = YES;
				GENERATE_INFOPLIST_FILE = YES;
				INFOPLIST_KEY_NSFaceIDUsageDescription = "Negi uses Face ID to allow you to quickly verify that it's you.";
				INFOPLIST_KEY_UIApplicationSceneManifest_Generation = YES;
				INFOPLIST_KEY_UIApplicationSupportsIndirectInputEvents = YES;
				INFOPLIST_KEY_UILaunchScreen_Generation = YES;
				INFOPLIST_KEY_UISupportedInterfaceOrientations = UIInterfaceOrientationPortrait;
				INFOPLIST_KEY_UISupportedInterfaceOrientations_iPad = "UIInterfaceOrientationLandscapeLeft UIInterfaceOrientationLandscapeRight UIInterfaceOrientationPortrait UIInterfaceOrientationPortraitUpsideDown";
				LD_RUNPATH_SEARCH_PATHS = (
					"$(inherited)",
					"@executable_path/Frameworks",
				);
				MARKETING_VERSION = 1.0;
				PRODUCT_BUNDLE_IDENTIFIER = com.cominatyou.Negi;
				PRODUCT_NAME = "$(TARGET_NAME)";
				SWIFT_EMIT_LOC_STRINGS = YES;
				SWIFT_VERSION = 5.0;
				TARGETED_DEVICE_FAMILY = "1,2";
			};
			name = Debug;
		};
		3ECFE9E12A2C4E53001E9AEC /* Release */ = {
			isa = XCBuildConfiguration;
			buildSettings = {
				ASSETCATALOG_COMPILER_APPICON_NAME = AppIcon;
				ASSETCATALOG_COMPILER_GLOBAL_ACCENT_COLOR_NAME = AccentColor;
				CODE_SIGN_STYLE = Automatic;
				CURRENT_PROJECT_VERSION = 1;
				DEVELOPMENT_ASSET_PATHS = "\"Negi/Preview Content\"";
				DEVELOPMENT_TEAM = 839U72R654;
				ENABLE_PREVIEWS = YES;
				GENERATE_INFOPLIST_FILE = YES;
				INFOPLIST_KEY_NSFaceIDUsageDescription = "Negi uses Face ID to allow you to quickly verify that it's you.";
				INFOPLIST_KEY_UIApplicationSceneManifest_Generation = YES;
				INFOPLIST_KEY_UIApplicationSupportsIndirectInputEvents = YES;
				INFOPLIST_KEY_UILaunchScreen_Generation = YES;
				INFOPLIST_KEY_UISupportedInterfaceOrientations = UIInterfaceOrientationPortrait;
				INFOPLIST_KEY_UISupportedInterfaceOrientations_iPad = "UIInterfaceOrientationLandscapeLeft UIInterfaceOrientationLandscapeRight UIInterfaceOrientationPortrait UIInterfaceOrientationPortraitUpsideDown";
				LD_RUNPATH_SEARCH_PATHS = (
					"$(inherited)",
					"@executable_path/Frameworks",
				);
				MARKETING_VERSION = 1.0;
				PRODUCT_BUNDLE_IDENTIFIER = com.cominatyou.Negi;
				PRODUCT_NAME = "$(TARGET_NAME)";
				SWIFT_EMIT_LOC_STRINGS = YES;
				SWIFT_VERSION = 5.0;
				TARGETED_DEVICE_FAMILY = "1,2";
			};
			name = Release;
		};
/* End XCBuildConfiguration section */

/* Begin XCConfigurationList section */
		3ECFE9CC2A2C4E52001E9AEC /* Build configuration list for PBXProject "Negi" */ = {
			isa = XCConfigurationList;
			buildConfigurations = (
				3ECFE9DD2A2C4E53001E9AEC /* Debug */,
				3ECFE9DE2A2C4E53001E9AEC /* Release */,
			);
			defaultConfigurationIsVisible = 0;
			defaultConfigurationName = Release;
		};
		3ECFE9DF2A2C4E53001E9AEC /* Build configuration list for PBXNativeTarget "Negi" */ = {
			isa = XCConfigurationList;
			buildConfigurations = (
				3ECFE9E02A2C4E53001E9AEC /* Debug */,
				3ECFE9E12A2C4E53001E9AEC /* Release */,
			);
			defaultConfigurationIsVisible = 0;
			defaultConfigurationName = Release;
		};
/* End XCConfigurationList section */

/* Begin XCRemoteSwiftPackageReference section */
		3EFF43E52A2D3ED700510425 /* XCRemoteSwiftPackageReference "SwiftOTP" */ = {
			isa = XCRemoteSwiftPackageReference;
			repositoryURL = "https://github.com/lachlanbell/SwiftOTP";
			requirement = {
				kind = upToNextMajorVersion;
				minimumVersion = 3.0.0;
			};
		};
/* End XCRemoteSwiftPackageReference section */

/* Begin XCSwiftPackageProductDependency section */
		3EFF43E62A2D3ED700510425 /* SwiftOTP */ = {
			isa = XCSwiftPackageProductDependency;
			package = 3EFF43E52A2D3ED700510425 /* XCRemoteSwiftPackageReference "SwiftOTP" */;
			productName = SwiftOTP;
		};
/* End XCSwiftPackageProductDependency section */
	};
	rootObject = 3ECFE9C92A2C4E52001E9AEC /* Project object */;
}
